
Microsoft Visual Studio Solution File, Format Version 12.00
# Visual Studio Version 17
VisualStudioVersion = 17.11.35222.181
MinimumVisualStudioVersion = 10.0.40219.1
Project("{FAE04EC0-301F-11D3-BF4B-00C04F79EFBC}") = "Datos", "Datos\Datos.csproj", "{4BEDD665-0638-4A81-A299-DF88F3468FFD}"
EndProject
Project("{FAE04EC0-301F-11D3-BF4B-00C04F79EFBC}") = "Entidad", "Entidad\Entidad.csproj", "{610CA693-C541-4D9D-AE0E-E143CFFE3FC9}"
EndProject
Project("{FAE04EC0-301F-11D3-BF4B-00C04F79EFBC}") = "Negocio", "Negocio\Negocio.csproj", "{6F246AC4-FCFD-48AA-9FAD-016210E21F55}"
EndProject
Project("{FAE04EC0-301F-11D3-BF4B-00C04F79EFBC}") = "Presentacion", "Presentacion\Presentacion.csproj", "{4EBE104D-C233-4F75-B4DE-E778B110C721}"
EndProject
Global
	GlobalSection(SolutionConfigurationPlatforms) = preSolution
		Debug|Any CPU = Debug|Any CPU
		Release|Any CPU = Release|Any CPU
	EndGlobalSection
	GlobalSection(ProjectConfigurationPlatforms) = postSolution
		{4BEDD665-0638-4A81-A299-DF88F3468FFD}.Debug|Any CPU.ActiveCfg = Debug|Any CPU
		{4BEDD665-0638-4A81-A299-DF88F3468FFD}.Debug|Any CPU.Build.0 = Debug|Any CPU
		{4BEDD665-0638-4A81-A299-DF88F3468FFD}.Release|Any CPU.ActiveCfg = Release|Any CPU
		{4BEDD665-0638-4A81-A299-DF88F3468FFD}.Release|Any CPU.Build.0 = Release|Any CPU
		{610CA693-C541-4D9D-AE0E-E143CFFE3FC9}.Debug|Any CPU.ActiveCfg = Debug|Any CPU
		{610CA693-C541-4D9D-AE0E-E143CFFE3FC9}.Debug|Any CPU.Build.0 = Debug|Any CPU
		{610CA693-C541-4D9D-AE0E-E143CFFE3FC9}.Release|Any CPU.ActiveCfg = Release|Any CPU
		{610CA693-C541-4D9D-AE0E-E143CFFE3FC9}.Release|Any CPU.Build.0 = Release|Any CPU
		{6F246AC4-FCFD-48AA-9FAD-016210E21F55}.Debug|Any CPU.ActiveCfg = Debug|Any CPU
		{6F246AC4-FCFD-48AA-9FAD-016210E21F55}.Debug|Any CPU.Build.0 = Debug|Any CPU
		{6F246AC4-FCFD-48AA-9FAD-016210E21F55}.Release|Any CPU.ActiveCfg = Release|Any CPU
		{6F246AC4-FCFD-48AA-9FAD-016210E21F55}.Release|Any CPU.Build.0 = Release|Any CPU
		{4EBE104D-C233-4F75-B4DE-E778B110C721}.Debug|Any CPU.ActiveCfg = Debug|Any CPU
		{4EBE104D-C233-4F75-B4DE-E778B110C721}.Debug|Any CPU.Build.0 = Debug|Any CPU
		{4EBE104D-C233-4F75-B4DE-E778B110C721}.Release|Any CPU.ActiveCfg = Release|Any CPU
		{4EBE104D-C233-4F75-B4DE-E778B110C721}.Release|Any CPU.Build.0 = Release|Any CPU
	EndGlobalSection
	GlobalSection(SolutionProperties) = preSolution
		HideSolutionNode = FALSE
	EndGlobalSection
	GlobalSection(ExtensibilityGlobals) = postSolution
		SolutionGuid = {41F0036D-05EF-4276-838C-B14D20BDBBC8}
	EndGlobalSection
EndGlobal
